
Microsoft Visual Studio Solution File, Format Version 12.00
# Visual Studio Version 17
VisualStudioVersion = 17.5.33516.290
MinimumVisualStudioVersion = 10.0.40219.1
Project("{FAE04EC0-301F-11D3-BF4B-00C04F79EFBC}") = "wp12_findeustCheck", "wp12_findeustCheck\wp12_findeustCheck.csproj", "{88DB57E4-5035-44B8-9FA7-40C59729EF4F}"
EndProject
Project("{FAE04EC0-301F-11D3-BF4B-00C04F79EFBC}") = "wp11_movieFinder", "wp11_movieFinder\wp11_movieFinder.csproj", "{D6C0F6AF-82DD-44EB-A7B1-97D5C8B5E0A6}"
EndProject
Global
	GlobalSection(SolutionConfigurationPlatforms) = preSolution
		Debug|Any CPU = Debug|Any CPU
		Release|Any CPU = Release|Any CPU
	EndGlobalSection
	GlobalSection(ProjectConfigurationPlatforms) = postSolution
		{88DB57E4-5035-44B8-9FA7-40C59729EF4F}.Debug|Any CPU.ActiveCfg = Debug|Any CPU
		{88DB57E4-5035-44B8-9FA7-40C59729EF4F}.Debug|Any CPU.Build.0 = Debug|Any CPU
		{88DB57E4-5035-44B8-9FA7-40C59729EF4F}.Release|Any CPU.ActiveCfg = Release|Any CPU
		{88DB57E4-5035-44B8-9FA7-40C59729EF4F}.Release|Any CPU.Build.0 = Release|Any CPU
		{D6C0F6AF-82DD-44EB-A7B1-97D5C8B5E0A6}.Debug|Any CPU.ActiveCfg = Debug|Any CPU
		{D6C0F6AF-82DD-44EB-A7B1-97D5C8B5E0A6}.Debug|Any CPU.Build.0 = Debug|Any CPU
		{D6C0F6AF-82DD-44EB-A7B1-97D5C8B5E0A6}.Release|Any CPU.ActiveCfg = Release|Any CPU
		{D6C0F6AF-82DD-44EB-A7B1-97D5C8B5E0A6}.Release|Any CPU.Build.0 = Release|Any CPU
	EndGlobalSection
	GlobalSection(SolutionProperties) = preSolution
		HideSolutionNode = FALSE
	EndGlobalSection
	GlobalSection(ExtensibilityGlobals) = postSolution
		SolutionGuid = {A5F08682-8046-4043-973D-05F92D7F6D57}
	EndGlobalSection
EndGlobal
