
Microsoft Visual Studio Solution File, Format Version 12.00
# Visual Studio Version 17
VisualStudioVersion = 17.5.33516.290
MinimumVisualStudioVersion = 10.0.40219.1
Project("{FAE04EC0-301F-11D3-BF4B-00C04F79EFBC}") = "wp06_mvvm", "wp06_mvvm\wp06_mvvm.csproj", "{2DB8ADF2-DFB1-4A0C-A6FA-B3FDE4B604CA}"
EndProject
Project("{FAE04EC0-301F-11D3-BF4B-00C04F79EFBC}") = "wp05_bikeshop", "wp05_bikeshop\wp05_bikeshop.csproj", "{790DCF81-E69E-4A82-A5BD-C08E98E98EB5}"
EndProject
Global
	GlobalSection(SolutionConfigurationPlatforms) = preSolution
		Debug|Any CPU = Debug|Any CPU
		Release|Any CPU = Release|Any CPU
	EndGlobalSection
	GlobalSection(ProjectConfigurationPlatforms) = postSolution
		{2DB8ADF2-DFB1-4A0C-A6FA-B3FDE4B604CA}.Debug|Any CPU.ActiveCfg = Debug|Any CPU
		{2DB8ADF2-DFB1-4A0C-A6FA-B3FDE4B604CA}.Debug|Any CPU.Build.0 = Debug|Any CPU
		{2DB8ADF2-DFB1-4A0C-A6FA-B3FDE4B604CA}.Release|Any CPU.ActiveCfg = Release|Any CPU
		{2DB8ADF2-DFB1-4A0C-A6FA-B3FDE4B604CA}.Release|Any CPU.Build.0 = Release|Any CPU
		{790DCF81-E69E-4A82-A5BD-C08E98E98EB5}.Debug|Any CPU.ActiveCfg = Debug|Any CPU
		{790DCF81-E69E-4A82-A5BD-C08E98E98EB5}.Debug|Any CPU.Build.0 = Debug|Any CPU
		{790DCF81-E69E-4A82-A5BD-C08E98E98EB5}.Release|Any CPU.ActiveCfg = Release|Any CPU
		{790DCF81-E69E-4A82-A5BD-C08E98E98EB5}.Release|Any CPU.Build.0 = Release|Any CPU
	EndGlobalSection
	GlobalSection(SolutionProperties) = preSolution
		HideSolutionNode = FALSE
	EndGlobalSection
	GlobalSection(ExtensibilityGlobals) = postSolution
		SolutionGuid = {54C14952-B786-46B8-821A-84E923009A21}
	EndGlobalSection
EndGlobal
